// !$*UTF8*$!
{
	archiveVersion = 1;
	classes = {
	};
	objectVersion = 46;
	objects = {

/* Begin PBXBuildFile section */
		0B1F156D18BDC5EF00079AFF /* Foundation.framework in Frameworks */ = {isa = PBXBuildFile; fileRef = 0B1F156C18BDC5EF00079AFF /* Foundation.framework */; };
		0B1F156F18BDC5EF00079AFF /* CoreGraphics.framework in Frameworks */ = {isa = PBXBuildFile; fileRef = 0B1F156E18BDC5EF00079AFF /* CoreGraphics.framework */; };
		0B1F157118BDC5EF00079AFF /* UIKit.framework in Frameworks */ = {isa = PBXBuildFile; fileRef = 0B1F157018BDC5EF00079AFF /* UIKit.framework */; };
		0B1F157718BDC5EF00079AFF /* InfoPlist.strings in Resources */ = {isa = PBXBuildFile; fileRef = 0B1F157518BDC5EF00079AFF /* InfoPlist.strings */; };
		0B1F157918BDC5EF00079AFF /* main.m in Sources */ = {isa = PBXBuildFile; fileRef = 0B1F157818BDC5EF00079AFF /* main.m */; };
		0B1F157D18BDC5EF00079AFF /* AppDelegate.m in Sources */ = {isa = PBXBuildFile; fileRef = 0B1F157C18BDC5EF00079AFF /* AppDelegate.m */; };
		0B1F157F18BDC5EF00079AFF /* Images.xcassets in Resources */ = {isa = PBXBuildFile; fileRef = 0B1F157E18BDC5EF00079AFF /* Images.xcassets */; };
		0B1F158618BDC5EF00079AFF /* XCTest.framework in Frameworks */ = {isa = PBXBuildFile; fileRef = 0B1F158518BDC5EF00079AFF /* XCTest.framework */; };
		0B1F158718BDC5EF00079AFF /* Foundation.framework in Frameworks */ = {isa = PBXBuildFile; fileRef = 0B1F156C18BDC5EF00079AFF /* Foundation.framework */; };
		0B1F158818BDC5EF00079AFF /* UIKit.framework in Frameworks */ = {isa = PBXBuildFile; fileRef = 0B1F157018BDC5EF00079AFF /* UIKit.framework */; };
		0B1F159018BDC5EF00079AFF /* InfoPlist.strings in Resources */ = {isa = PBXBuildFile; fileRef = 0B1F158E18BDC5EF00079AFF /* InfoPlist.strings */; };
		0B1F159218BDC5EF00079AFF /* MKNetworkKitDemoTests.m in Sources */ = {isa = PBXBuildFile; fileRef = 0B1F159118BDC5EF00079AFF /* MKNetworkKitDemoTests.m */; };
		0B1F15B418BDC63300079AFF /* NSData+MKBase64.m in Sources */ = {isa = PBXBuildFile; fileRef = 0B1F15A018BDC63300079AFF /* NSData+MKBase64.m */; };
		0B1F15B518BDC63300079AFF /* NSDate+RFC1123.m in Sources */ = {isa = PBXBuildFile; fileRef = 0B1F15A218BDC63300079AFF /* NSDate+RFC1123.m */; };
		0B1F15B618BDC63300079AFF /* NSDictionary+RequestEncoding.m in Sources */ = {isa = PBXBuildFile; fileRef = 0B1F15A418BDC63300079AFF /* NSDictionary+RequestEncoding.m */; };
		0B1F15B718BDC63300079AFF /* NSString+MKNetworkKitAdditions.m in Sources */ = {isa = PBXBuildFile; fileRef = 0B1F15A618BDC63300079AFF /* NSString+MKNetworkKitAdditions.m */; };
		0B1F15B818BDC63300079AFF /* UIAlertView+MKNetworkKitAdditions.m in Sources */ = {isa = PBXBuildFile; fileRef = 0B1F15A818BDC63300079AFF /* UIAlertView+MKNetworkKitAdditions.m */; };
		0B1F15B918BDC63300079AFF /* UIImageView+MKNetworkKitAdditions.m in Sources */ = {isa = PBXBuildFile; fileRef = 0B1F15AA18BDC63300079AFF /* UIImageView+MKNetworkKitAdditions.m */; };
		0B1F15BA18BDC63300079AFF /* MKNetworkEngine.m in Sources */ = {isa = PBXBuildFile; fileRef = 0B1F15AC18BDC63300079AFF /* MKNetworkEngine.m */; };
		0B1F15BB18BDC63300079AFF /* MKNetworkOperation.m in Sources */ = {isa = PBXBuildFile; fileRef = 0B1F15AF18BDC63300079AFF /* MKNetworkOperation.m */; };
		0B1F15BC18BDC63300079AFF /* Reachability.m in Sources */ = {isa = PBXBuildFile; fileRef = 0B1F15B218BDC63300079AFF /* Reachability.m */; };
		0B1F15BE18BDC6A100079AFF /* SystemConfiguration.framework in Frameworks */ = {isa = PBXBuildFile; fileRef = 0B1F15BD18BDC6A100079AFF /* SystemConfiguration.framework */; };
		0B1F15C018BDC6A900079AFF /* CFNetwork.framework in Frameworks */ = {isa = PBXBuildFile; fileRef = 0B1F15BF18BDC6A900079AFF /* CFNetwork.framework */; };
		0B1F15C218BDC6B100079AFF /* Security.framework in Frameworks */ = {isa = PBXBuildFile; fileRef = 0B1F15C118BDC6B100079AFF /* Security.framework */; };
		0B1F15C418BDC6BA00079AFF /* ImageIO.framework in Frameworks */ = {isa = PBXBuildFile; fileRef = 0B1F15C318BDC6BA00079AFF /* ImageIO.framework */; };
		0B1F15C718BDC84B00079AFF /* ViewController.m in Sources */ = {isa = PBXBuildFile; fileRef = 0B1F15C618BDC84B00079AFF /* ViewController.m */; };
		0B1F15CA18BDC99100079AFF /* MainEngine.m in Sources */ = {isa = PBXBuildFile; fileRef = 0B1F15C918BDC99100079AFF /* MainEngine.m */; };
		0B96FAF818BEE0E6001AD58D /* WholeDefine.m in Sources */ = {isa = PBXBuildFile; fileRef = 0B96FAF718BEE0E6001AD58D /* WholeDefine.m */; };
/* End PBXBuildFile section */

/* Begin PBXContainerItemProxy section */
		0B1F158918BDC5EF00079AFF /* PBXContainerItemProxy */ = {
			isa = PBXContainerItemProxy;
			containerPortal = 0B1F156118BDC5EF00079AFF /* Project object */;
			proxyType = 1;
			remoteGlobalIDString = 0B1F156818BDC5EF00079AFF;
			remoteInfo = MKNetworkKitDemo;
		};
/* End PBXContainerItemProxy section */

/* Begin PBXFileReference section */
		0B1F156918BDC5EF00079AFF /* MKNetworkKitDemo.app */ = {isa = PBXFileReference; explicitFileType = wrapper.application; includeInIndex = 0; path = MKNetworkKitDemo.app; sourceTree = BUILT_PRODUCTS_DIR; };
		0B1F156C18BDC5EF00079AFF /* Foundation.framework */ = {isa = PBXFileReference; lastKnownFileType = wrapper.framework; name = Foundation.framework; path = System/Library/Frameworks/Foundation.framework; sourceTree = SDKROOT; };
		0B1F156E18BDC5EF00079AFF /* CoreGraphics.framework */ = {isa = PBXFileReference; lastKnownFileType = wrapper.framework; name = CoreGraphics.framework; path = System/Library/Frameworks/CoreGraphics.framework; sourceTree = SDKROOT; };
		0B1F157018BDC5EF00079AFF /* UIKit.framework */ = {isa = PBXFileReference; lastKnownFileType = wrapper.framework; name = UIKit.framework; path = System/Library/Frameworks/UIKit.framework; sourceTree = SDKROOT; };
		0B1F157418BDC5EF00079AFF /* MKNetworkKitDemo-Info.plist */ = {isa = PBXFileReference; lastKnownFileType = text.plist.xml; path = "MKNetworkKitDemo-Info.plist"; sourceTree = "<group>"; };
		0B1F157618BDC5EF00079AFF /* en */ = {isa = PBXFileReference; lastKnownFileType = text.plist.strings; name = en; path = en.lproj/InfoPlist.strings; sourceTree = "<group>"; };
		0B1F157818BDC5EF00079AFF /* main.m */ = {isa = PBXFileReference; lastKnownFileType = sourcecode.c.objc; path = main.m; sourceTree = "<group>"; };
		0B1F157A18BDC5EF00079AFF /* MKNetworkKitDemo-Prefix.pch */ = {isa = PBXFileReference; lastKnownFileType = sourcecode.c.h; path = "MKNetworkKitDemo-Prefix.pch"; sourceTree = "<group>"; };
		0B1F157B18BDC5EF00079AFF /* AppDelegate.h */ = {isa = PBXFileReference; lastKnownFileType = sourcecode.c.h; path = AppDelegate.h; sourceTree = "<group>"; };
		0B1F157C18BDC5EF00079AFF /* AppDelegate.m */ = {isa = PBXFileReference; lastKnownFileType = sourcecode.c.objc; path = AppDelegate.m; sourceTree = "<group>"; };
		0B1F157E18BDC5EF00079AFF /* Images.xcassets */ = {isa = PBXFileReference; lastKnownFileType = folder.assetcatalog; path = Images.xcassets; sourceTree = "<group>"; };
		0B1F158418BDC5EF00079AFF /* MKNetworkKitDemoTests.xctest */ = {isa = PBXFileReference; explicitFileType = wrapper.cfbundle; includeInIndex = 0; path = MKNetworkKitDemoTests.xctest; sourceTree = BUILT_PRODUCTS_DIR; };
		0B1F158518BDC5EF00079AFF /* XCTest.framework */ = {isa = PBXFileReference; lastKnownFileType = wrapper.framework; name = XCTest.framework; path = Library/Frameworks/XCTest.framework; sourceTree = DEVELOPER_DIR; };
		0B1F158D18BDC5EF00079AFF /* MKNetworkKitDemoTests-Info.plist */ = {isa = PBXFileReference; lastKnownFileType = text.plist.xml; path = "MKNetworkKitDemoTests-Info.plist"; sourceTree = "<group>"; };
		0B1F158F18BDC5EF00079AFF /* en */ = {isa = PBXFileReference; lastKnownFileType = text.plist.strings; name = en; path = en.lproj/InfoPlist.strings; sourceTree = "<group>"; };
		0B1F159118BDC5EF00079AFF /* MKNetworkKitDemoTests.m */ = {isa = PBXFileReference; lastKnownFileType = sourcecode.c.objc; path = MKNetworkKitDemoTests.m; sourceTree = "<group>"; };
		0B1F159F18BDC63300079AFF /* NSData+MKBase64.h */ = {isa = PBXFileReference; fileEncoding = 4; lastKnownFileType = sourcecode.c.h; path = "NSData+MKBase64.h"; sourceTree = "<group>"; };
		0B1F15A018BDC63300079AFF /* NSData+MKBase64.m */ = {isa = PBXFileReference; fileEncoding = 4; lastKnownFileType = sourcecode.c.objc; path = "NSData+MKBase64.m"; sourceTree = "<group>"; };
		0B1F15A118BDC63300079AFF /* NSDate+RFC1123.h */ = {isa = PBXFileReference; fileEncoding = 4; lastKnownFileType = sourcecode.c.h; path = "NSDate+RFC1123.h"; sourceTree = "<group>"; };
		0B1F15A218BDC63300079AFF /* NSDate+RFC1123.m */ = {isa = PBXFileReference; fileEncoding = 4; lastKnownFileType = sourcecode.c.objc; path = "NSDate+RFC1123.m"; sourceTree = "<group>"; };
		0B1F15A318BDC63300079AFF /* NSDictionary+RequestEncoding.h */ = {isa = PBXFileReference; fileEncoding = 4; lastKnownFileType = sourcecode.c.h; path = "NSDictionary+RequestEncoding.h"; sourceTree = "<group>"; };
		0B1F15A418BDC63300079AFF /* NSDictionary+RequestEncoding.m */ = {isa = PBXFileReference; fileEncoding = 4; lastKnownFileType = sourcecode.c.objc; path = "NSDictionary+RequestEncoding.m"; sourceTree = "<group>"; };
		0B1F15A518BDC63300079AFF /* NSString+MKNetworkKitAdditions.h */ = {isa = PBXFileReference; fileEncoding = 4; lastKnownFileType = sourcecode.c.h; path = "NSString+MKNetworkKitAdditions.h"; sourceTree = "<group>"; };
		0B1F15A618BDC63300079AFF /* NSString+MKNetworkKitAdditions.m */ = {isa = PBXFileReference; fileEncoding = 4; lastKnownFileType = sourcecode.c.objc; path = "NSString+MKNetworkKitAdditions.m"; sourceTree = "<group>"; };
		0B1F15A718BDC63300079AFF /* UIAlertView+MKNetworkKitAdditions.h */ = {isa = PBXFileReference; fileEncoding = 4; lastKnownFileType = sourcecode.c.h; path = "UIAlertView+MKNetworkKitAdditions.h"; sourceTree = "<group>"; };
		0B1F15A818BDC63300079AFF /* UIAlertView+MKNetworkKitAdditions.m */ = {isa = PBXFileReference; fileEncoding = 4; lastKnownFileType = sourcecode.c.objc; path = "UIAlertView+MKNetworkKitAdditions.m"; sourceTree = "<group>"; };
		0B1F15A918BDC63300079AFF /* UIImageView+MKNetworkKitAdditions.h */ = {isa = PBXFileReference; fileEncoding = 4; lastKnownFileType = sourcecode.c.h; path = "UIImageView+MKNetworkKitAdditions.h"; sourceTree = "<group>"; };
		0B1F15AA18BDC63300079AFF /* UIImageView+MKNetworkKitAdditions.m */ = {isa = PBXFileReference; fileEncoding = 4; lastKnownFileType = sourcecode.c.objc; path = "UIImageView+MKNetworkKitAdditions.m"; sourceTree = "<group>"; };
		0B1F15AB18BDC63300079AFF /* MKNetworkEngine.h */ = {isa = PBXFileReference; fileEncoding = 4; lastKnownFileType = sourcecode.c.h; path = MKNetworkEngine.h; sourceTree = "<group>"; };
		0B1F15AC18BDC63300079AFF /* MKNetworkEngine.m */ = {isa = PBXFileReference; fileEncoding = 4; lastKnownFileType = sourcecode.c.objc; path = MKNetworkEngine.m; sourceTree = "<group>"; };
		0B1F15AD18BDC63300079AFF /* MKNetworkKit.h */ = {isa = PBXFileReference; fileEncoding = 4; lastKnownFileType = sourcecode.c.h; path = MKNetworkKit.h; sourceTree = "<group>"; };
		0B1F15AE18BDC63300079AFF /* MKNetworkOperation.h */ = {isa = PBXFileReference; fileEncoding = 4; lastKnownFileType = sourcecode.c.h; path = MKNetworkOperation.h; sourceTree = "<group>"; };
		0B1F15AF18BDC63300079AFF /* MKNetworkOperation.m */ = {isa = PBXFileReference; fileEncoding = 4; lastKnownFileType = sourcecode.c.objc; path = MKNetworkOperation.m; sourceTree = "<group>"; };
		0B1F15B118BDC63300079AFF /* Reachability.h */ = {isa = PBXFileReference; fileEncoding = 4; lastKnownFileType = sourcecode.c.h; path = Reachability.h; sourceTree = "<group>"; };
		0B1F15B218BDC63300079AFF /* Reachability.m */ = {isa = PBXFileReference; fileEncoding = 4; lastKnownFileType = sourcecode.c.objc; path = Reachability.m; sourceTree = "<group>"; };
		0B1F15BD18BDC6A100079AFF /* SystemConfiguration.framework */ = {isa = PBXFileReference; lastKnownFileType = wrapper.framework; name = SystemConfiguration.framework; path = System/Library/Frameworks/SystemConfiguration.framework; sourceTree = SDKROOT; };
		0B1F15BF18BDC6A900079AFF /* CFNetwork.framework */ = {isa = PBXFileReference; lastKnownFileType = wrapper.framework; name = CFNetwork.framework; path = System/Library/Frameworks/CFNetwork.framework; sourceTree = SDKROOT; };
		0B1F15C118BDC6B100079AFF /* Security.framework */ = {isa = PBXFileReference; lastKnownFileType = wrapper.framework; name = Security.framework; path = System/Library/Frameworks/Security.framework; sourceTree = SDKROOT; };
		0B1F15C318BDC6BA00079AFF /* ImageIO.framework */ = {isa = PBXFileReference; lastKnownFileType = wrapper.framework; name = ImageIO.framework; path = System/Library/Frameworks/ImageIO.framework; sourceTree = SDKROOT; };
		0B1F15C518BDC84B00079AFF /* ViewController.h */ = {isa = PBXFileReference; fileEncoding = 4; lastKnownFileType = sourcecode.c.h; path = ViewController.h; sourceTree = "<group>"; };
		0B1F15C618BDC84B00079AFF /* ViewController.m */ = {isa = PBXFileReference; fileEncoding = 4; lastKnownFileType = sourcecode.c.objc; path = ViewController.m; sourceTree = "<group>"; };
		0B1F15C818BDC99100079AFF /* MainEngine.h */ = {isa = PBXFileReference; fileEncoding = 4; lastKnownFileType = sourcecode.c.h; path = MainEngine.h; sourceTree = "<group>"; };
		0B1F15C918BDC99100079AFF /* MainEngine.m */ = {isa = PBXFileReference; fileEncoding = 4; lastKnownFileType = sourcecode.c.objc; path = MainEngine.m; sourceTree = "<group>"; };
		0B96FAF618BEE0E6001AD58D /* WholeDefine.h */ = {isa = PBXFileReference; fileEncoding = 4; lastKnownFileType = sourcecode.c.h; path = WholeDefine.h; sourceTree = "<group>"; };
		0B96FAF718BEE0E6001AD58D /* WholeDefine.m */ = {isa = PBXFileReference; fileEncoding = 4; lastKnownFileType = sourcecode.c.objc; path = WholeDefine.m; sourceTree = "<group>"; };
/* End PBXFileReference section */

/* Begin PBXFrameworksBuildPhase section */
		0B1F156618BDC5EF00079AFF /* Frameworks */ = {
			isa = PBXFrameworksBuildPhase;
			buildActionMask = 2147483647;
			files = (
				0B1F15C418BDC6BA00079AFF /* ImageIO.framework in Frameworks */,
				0B1F15C218BDC6B100079AFF /* Security.framework in Frameworks */,
				0B1F15C018BDC6A900079AFF /* CFNetwork.framework in Frameworks */,
				0B1F15BE18BDC6A100079AFF /* SystemConfiguration.framework in Frameworks */,
				0B1F156F18BDC5EF00079AFF /* CoreGraphics.framework in Frameworks */,
				0B1F157118BDC5EF00079AFF /* UIKit.framework in Frameworks */,
				0B1F156D18BDC5EF00079AFF /* Foundation.framework in Frameworks */,
			);
			runOnlyForDeploymentPostprocessing = 0;
		};
		0B1F158118BDC5EF00079AFF /* Frameworks */ = {
			isa = PBXFrameworksBuildPhase;
			buildActionMask = 2147483647;
			files = (
				0B1F158618BDC5EF00079AFF /* XCTest.framework in Frameworks */,
				0B1F158818BDC5EF00079AFF /* UIKit.framework in Frameworks */,
				0B1F158718BDC5EF00079AFF /* Foundation.framework in Frameworks */,
			);
			runOnlyForDeploymentPostprocessing = 0;
		};
/* End PBXFrameworksBuildPhase section */

/* Begin PBXGroup section */
		0B1F156018BDC5EF00079AFF = {
			isa = PBXGroup;
			children = (
				0B1F157218BDC5EF00079AFF /* MKNetworkKitDemo */,
				0B1F158B18BDC5EF00079AFF /* MKNetworkKitDemoTests */,
				0B1F156B18BDC5EF00079AFF /* Frameworks */,
				0B1F156A18BDC5EF00079AFF /* Products */,
			);
			sourceTree = "<group>";
		};
		0B1F156A18BDC5EF00079AFF /* Products */ = {
			isa = PBXGroup;
			children = (
				0B1F156918BDC5EF00079AFF /* MKNetworkKitDemo.app */,
				0B1F158418BDC5EF00079AFF /* MKNetworkKitDemoTests.xctest */,
			);
			name = Products;
			sourceTree = "<group>";
		};
		0B1F156B18BDC5EF00079AFF /* Frameworks */ = {
			isa = PBXGroup;
			children = (
				0B1F15C318BDC6BA00079AFF /* ImageIO.framework */,
				0B1F15C118BDC6B100079AFF /* Security.framework */,
				0B1F15BF18BDC6A900079AFF /* CFNetwork.framework */,
				0B1F15BD18BDC6A100079AFF /* SystemConfiguration.framework */,
				0B1F156C18BDC5EF00079AFF /* Foundation.framework */,
				0B1F156E18BDC5EF00079AFF /* CoreGraphics.framework */,
				0B1F157018BDC5EF00079AFF /* UIKit.framework */,
				0B1F158518BDC5EF00079AFF /* XCTest.framework */,
			);
			name = Frameworks;
			sourceTree = "<group>";
		};
		0B1F157218BDC5EF00079AFF /* MKNetworkKitDemo */ = {
			isa = PBXGroup;
			children = (
				0B1F159B18BDC63200079AFF /* MKNetworkKit */,
				0B1F157B18BDC5EF00079AFF /* AppDelegate.h */,
				0B1F157C18BDC5EF00079AFF /* AppDelegate.m */,
				0B1F15C518BDC84B00079AFF /* ViewController.h */,
				0B1F15C618BDC84B00079AFF /* ViewController.m */,
				0B96FAF618BEE0E6001AD58D /* WholeDefine.h */,
				0B96FAF718BEE0E6001AD58D /* WholeDefine.m */,
				0B1F15C818BDC99100079AFF /* MainEngine.h */,
				0B1F15C918BDC99100079AFF /* MainEngine.m */,
				0B1F157E18BDC5EF00079AFF /* Images.xcassets */,
				0B1F157318BDC5EF00079AFF /* Supporting Files */,
			);
			path = MKNetworkKitDemo;
			sourceTree = "<group>";
		};
		0B1F157318BDC5EF00079AFF /* Supporting Files */ = {
			isa = PBXGroup;
			children = (
				0B1F157418BDC5EF00079AFF /* MKNetworkKitDemo-Info.plist */,
				0B1F157518BDC5EF00079AFF /* InfoPlist.strings */,
				0B1F157818BDC5EF00079AFF /* main.m */,
				0B1F157A18BDC5EF00079AFF /* MKNetworkKitDemo-Prefix.pch */,
			);
			name = "Supporting Files";
			sourceTree = "<group>";
		};
		0B1F158B18BDC5EF00079AFF /* MKNetworkKitDemoTests */ = {
			isa = PBXGroup;
			children = (
				0B1F159118BDC5EF00079AFF /* MKNetworkKitDemoTests.m */,
				0B1F158C18BDC5EF00079AFF /* Supporting Files */,
			);
			path = MKNetworkKitDemoTests;
			sourceTree = "<group>";
		};
		0B1F158C18BDC5EF00079AFF /* Supporting Files */ = {
			isa = PBXGroup;
			children = (
				0B1F158D18BDC5EF00079AFF /* MKNetworkKitDemoTests-Info.plist */,
				0B1F158E18BDC5EF00079AFF /* InfoPlist.strings */,
			);
			name = "Supporting Files";
			sourceTree = "<group>";
		};
		0B1F159B18BDC63200079AFF /* MKNetworkKit */ = {
			isa = PBXGroup;
			children = (
				0B1F159C18BDC63200079AFF /* Categories */,
				0B1F15AB18BDC63300079AFF /* MKNetworkEngine.h */,
				0B1F15AC18BDC63300079AFF /* MKNetworkEngine.m */,
				0B1F15AD18BDC63300079AFF /* MKNetworkKit.h */,
				0B1F15AE18BDC63300079AFF /* MKNetworkOperation.h */,
				0B1F15AF18BDC63300079AFF /* MKNetworkOperation.m */,
				0B1F15B018BDC63300079AFF /* Reachability */,
			);
			path = MKNetworkKit;
			sourceTree = "<group>";
		};
		0B1F159C18BDC63200079AFF /* Categories */ = {
			isa = PBXGroup;
			children = (
				0B1F159F18BDC63300079AFF /* NSData+MKBase64.h */,
				0B1F15A018BDC63300079AFF /* NSData+MKBase64.m */,
				0B1F15A118BDC63300079AFF /* NSDate+RFC1123.h */,
				0B1F15A218BDC63300079AFF /* NSDate+RFC1123.m */,
				0B1F15A318BDC63300079AFF /* NSDictionary+RequestEncoding.h */,
				0B1F15A418BDC63300079AFF /* NSDictionary+RequestEncoding.m */,
				0B1F15A518BDC63300079AFF /* NSString+MKNetworkKitAdditions.h */,
				0B1F15A618BDC63300079AFF /* NSString+MKNetworkKitAdditions.m */,
				0B1F15A718BDC63300079AFF /* UIAlertView+MKNetworkKitAdditions.h */,
				0B1F15A818BDC63300079AFF /* UIAlertView+MKNetworkKitAdditions.m */,
				0B1F15A918BDC63300079AFF /* UIImageView+MKNetworkKitAdditions.h */,
				0B1F15AA18BDC63300079AFF /* UIImageView+MKNetworkKitAdditions.m */,
			);
			path = Categories;
			sourceTree = "<group>";
		};
		0B1F15B018BDC63300079AFF /* Reachability */ = {
			isa = PBXGroup;
			children = (
				0B1F15B118BDC63300079AFF /* Reachability.h */,
				0B1F15B218BDC63300079AFF /* Reachability.m */,
			);
			path = Reachability;
			sourceTree = "<group>";
		};
/* End PBXGroup section */

/* Begin PBXNativeTarget section */
		0B1F156818BDC5EF00079AFF /* MKNetworkKitDemo */ = {
			isa = PBXNativeTarget;
			buildConfigurationList = 0B1F159518BDC5EF00079AFF /* Build configuration list for PBXNativeTarget "MKNetworkKitDemo" */;
			buildPhases = (
				0B1F156518BDC5EF00079AFF /* Sources */,
				0B1F156618BDC5EF00079AFF /* Frameworks */,
				0B1F156718BDC5EF00079AFF /* Resources */,
			);
			buildRules = (
			);
			dependencies = (
			);
			name = MKNetworkKitDemo;
			productName = MKNetworkKitDemo;
			productReference = 0B1F156918BDC5EF00079AFF /* MKNetworkKitDemo.app */;
			productType = "com.apple.product-type.application";
		};
		0B1F158318BDC5EF00079AFF /* MKNetworkKitDemoTests */ = {
			isa = PBXNativeTarget;
			buildConfigurationList = 0B1F159818BDC5EF00079AFF /* Build configuration list for PBXNativeTarget "MKNetworkKitDemoTests" */;
			buildPhases = (
				0B1F158018BDC5EF00079AFF /* Sources */,
				0B1F158118BDC5EF00079AFF /* Frameworks */,
				0B1F158218BDC5EF00079AFF /* Resources */,
			);
			buildRules = (
			);
			dependencies = (
				0B1F158A18BDC5EF00079AFF /* PBXTargetDependency */,
			);
			name = MKNetworkKitDemoTests;
			productName = MKNetworkKitDemoTests;
			productReference = 0B1F158418BDC5EF00079AFF /* MKNetworkKitDemoTests.xctest */;
			productType = "com.apple.product-type.bundle.unit-test";
		};
/* End PBXNativeTarget section */

/* Begin PBXProject section */
		0B1F156118BDC5EF00079AFF /* Project object */ = {
			isa = PBXProject;
			attributes = {
				LastUpgradeCheck = 0500;
				ORGANIZATIONNAME = YYF;
				TargetAttributes = {
					0B1F158318BDC5EF00079AFF = {
						TestTargetID = 0B1F156818BDC5EF00079AFF;
					};
				};
			};
			buildConfigurationList = 0B1F156418BDC5EF00079AFF /* Build configuration list for PBXProject "MKNetworkKitDemo" */;
			compatibilityVersion = "Xcode 3.2";
			developmentRegion = English;
			hasScannedForEncodings = 0;
			knownRegions = (
				en,
			);
			mainGroup = 0B1F156018BDC5EF00079AFF;
			productRefGroup = 0B1F156A18BDC5EF00079AFF /* Products */;
			projectDirPath = "";
			projectRoot = "";
			targets = (
				0B1F156818BDC5EF00079AFF /* MKNetworkKitDemo */,
				0B1F158318BDC5EF00079AFF /* MKNetworkKitDemoTests */,
			);
		};
/* End PBXProject section */

/* Begin PBXResourcesBuildPhase section */
		0B1F156718BDC5EF00079AFF /* Resources */ = {
			isa = PBXResourcesBuildPhase;
			buildActionMask = 2147483647;
			files = (
				0B1F157718BDC5EF00079AFF /* InfoPlist.strings in Resources */,
				0B1F157F18BDC5EF00079AFF /* Images.xcassets in Resources */,
			);
			runOnlyForDeploymentPostprocessing = 0;
		};
		0B1F158218BDC5EF00079AFF /* Resources */ = {
			isa = PBXResourcesBuildPhase;
			buildActionMask = 2147483647;
			files = (
				0B1F159018BDC5EF00079AFF /* InfoPlist.strings in Resources */,
			);
			runOnlyForDeploymentPostprocessing = 0;
		};
/* End PBXResourcesBuildPhase section */

/* Begin PBXSourcesBuildPhase section */
		0B1F156518BDC5EF00079AFF /* Sources */ = {
			isa = PBXSourcesBuildPhase;
			buildActionMask = 2147483647;
			files = (
				0B1F15B618BDC63300079AFF /* NSDictionary+RequestEncoding.m in Sources */,
				0B1F15B718BDC63300079AFF /* NSString+MKNetworkKitAdditions.m in Sources */,
				0B1F15B818BDC63300079AFF /* UIAlertView+MKNetworkKitAdditions.m in Sources */,
				0B1F157D18BDC5EF00079AFF /* AppDelegate.m in Sources */,
				0B1F15BB18BDC63300079AFF /* MKNetworkOperation.m in Sources */,
				0B1F15CA18BDC99100079AFF /* MainEngine.m in Sources */,
				0B1F15C718BDC84B00079AFF /* ViewController.m in Sources */,
				0B1F15B918BDC63300079AFF /* UIImageView+MKNetworkKitAdditions.m in Sources */,
				0B96FAF818BEE0E6001AD58D /* WholeDefine.m in Sources */,
				0B1F15BA18BDC63300079AFF /* MKNetworkEngine.m in Sources */,
				0B1F157918BDC5EF00079AFF /* main.m in Sources */,
				0B1F15B518BDC63300079AFF /* NSDate+RFC1123.m in Sources */,
				0B1F15BC18BDC63300079AFF /* Reachability.m in Sources */,
				0B1F15B418BDC63300079AFF /* NSData+MKBase64.m in Sources */,
			);
			runOnlyForDeploymentPostprocessing = 0;
		};
		0B1F158018BDC5EF00079AFF /* Sources */ = {
			isa = PBXSourcesBuildPhase;
			buildActionMask = 2147483647;
			files = (
				0B1F159218BDC5EF00079AFF /* MKNetworkKitDemoTests.m in Sources */,
			);
			runOnlyForDeploymentPostprocessing = 0;
		};
/* End PBXSourcesBuildPhase section */

/* Begin PBXTargetDependency section */
		0B1F158A18BDC5EF00079AFF /* PBXTargetDependency */ = {
			isa = PBXTargetDependency;
			target = 0B1F156818BDC5EF00079AFF /* MKNetworkKitDemo */;
			targetProxy = 0B1F158918BDC5EF00079AFF /* PBXContainerItemProxy */;
		};
/* End PBXTargetDependency section */

/* Begin PBXVariantGroup section */
		0B1F157518BDC5EF00079AFF /* InfoPlist.strings */ = {
			isa = PBXVariantGroup;
			children = (
				0B1F157618BDC5EF00079AFF /* en */,
			);
			name = InfoPlist.strings;
			sourceTree = "<group>";
		};
		0B1F158E18BDC5EF00079AFF /* InfoPlist.strings */ = {
			isa = PBXVariantGroup;
			children = (
				0B1F158F18BDC5EF00079AFF /* en */,
			);
			name = InfoPlist.strings;
			sourceTree = "<group>";
		};
/* End PBXVariantGroup section */

/* Begin XCBuildConfiguration section */
		0B1F159318BDC5EF00079AFF /* Debug */ = {
			isa = XCBuildConfiguration;
			buildSettings = {
				ALWAYS_SEARCH_USER_PATHS = NO;
				ARCHS = "$(ARCHS_STANDARD_INCLUDING_32_BIT)";
				CLANG_CXX_LANGUAGE_STANDARD = "gnu++0x";
				CLANG_CXX_LIBRARY = "libc++";
				CLANG_ENABLE_MODULES = YES;
				CLANG_ENABLE_OBJC_ARC = YES;
				CLANG_WARN_BOOL_CONVERSION = YES;
				CLANG_WARN_CONSTANT_CONVERSION = YES;
				CLANG_WARN_DIRECT_OBJC_ISA_USAGE = YES_ERROR;
				CLANG_WARN_EMPTY_BODY = YES;
				CLANG_WARN_ENUM_CONVERSION = YES;
				CLANG_WARN_INT_CONVERSION = YES;
				CLANG_WARN_OBJC_ROOT_CLASS = YES_ERROR;
				CLANG_WARN__DUPLICATE_METHOD_MATCH = YES;
				"CODE_SIGN_IDENTITY[sdk=iphoneos*]" = "iPhone Developer";
				COPY_PHASE_STRIP = NO;
				GCC_C_LANGUAGE_STANDARD = gnu99;
				GCC_DYNAMIC_NO_PIC = NO;
				GCC_OPTIMIZATION_LEVEL = 0;
				GCC_PREPROCESSOR_DEFINITIONS = (
					"DEBUG=1",
					"$(inherited)",
				);
				GCC_SYMBOLS_PRIVATE_EXTERN = NO;
				GCC_WARN_64_TO_32_BIT_CONVERSION = YES;
				GCC_WARN_ABOUT_RETURN_TYPE = YES_ERROR;
				GCC_WARN_UNDECLARED_SELECTOR = YES;
				GCC_WARN_UNINITIALIZED_AUTOS = YES;
				GCC_WARN_UNUSED_FUNCTION = YES;
				GCC_WARN_UNUSED_VARIABLE = YES;
				IPHONEOS_DEPLOYMENT_TARGET = 5.0;
				ONLY_ACTIVE_ARCH = YES;
				SDKROOT = iphoneos;
				TARGETED_DEVICE_FAMILY = "1,2";
			};
			name = Debug;
		};
		0B1F159418BDC5EF00079AFF /* Release */ = {
			isa = XCBuildConfiguration;
			buildSettings = {
				ALWAYS_SEARCH_USER_PATHS = NO;
				ARCHS = "$(ARCHS_STANDARD_INCLUDING_32_BIT)";
				CLANG_CXX_LANGUAGE_STANDARD = "gnu++0x";
				CLANG_CXX_LIBRARY = "libc++";
				CLANG_ENABLE_MODULES = YES;
				CLANG_ENABLE_OBJC_ARC = YES;
				CLANG_WARN_BOOL_CONVERSION = YES;
				CLANG_WARN_CONSTANT_CONVERSION = YES;
				CLANG_WARN_DIRECT_OBJC_ISA_USAGE = YES_ERROR;
				CLANG_WARN_EMPTY_BODY = YES;
				CLANG_WARN_ENUM_CONVERSION = YES;
				CLANG_WARN_INT_CONVERSION = YES;
				CLANG_WARN_OBJC_ROOT_CLASS = YES_ERROR;
				CLANG_WARN__DUPLICATE_METHOD_MATCH = YES;
				"CODE_SIGN_IDENTITY[sdk=iphoneos*]" = "iPhone Developer";
				COPY_PHASE_STRIP = YES;
				ENABLE_NS_ASSERTIONS = NO;
				GCC_C_LANGUAGE_STANDARD = gnu99;
				GCC_WARN_64_TO_32_BIT_CONVERSION = YES;
				GCC_WARN_ABOUT_RETURN_TYPE = YES_ERROR;
				GCC_WARN_UNDECLARED_SELECTOR = YES;
				GCC_WARN_UNINITIALIZED_AUTOS = YES;
				GCC_WARN_UNUSED_FUNCTION = YES;
				GCC_WARN_UNUSED_VARIABLE = YES;
				IPHONEOS_DEPLOYMENT_TARGET = 5.0;
				SDKROOT = iphoneos;
				TARGETED_DEVICE_FAMILY = "1,2";
				VALIDATE_PRODUCT = YES;
			};
			name = Release;
		};
		0B1F159618BDC5EF00079AFF /* Debug */ = {
			isa = XCBuildConfiguration;
			buildSettings = {
				ARCHS = "$(ARCHS_STANDARD_32_BIT)";
				ASSETCATALOG_COMPILER_APPICON_NAME = AppIcon;
				ASSETCATALOG_COMPILER_LAUNCHIMAGE_NAME = LaunchImage;
				GCC_PRECOMPILE_PREFIX_HEADER = YES;
				GCC_PREFIX_HEADER = "MKNetworkKitDemo/MKNetworkKitDemo-Prefix.pch";
				INFOPLIST_FILE = "MKNetworkKitDemo/MKNetworkKitDemo-Info.plist";
				IPHONEOS_DEPLOYMENT_TARGET = 5.0;
				PRODUCT_NAME = "$(TARGET_NAME)";
				WRAPPER_EXTENSION = app;
			};
			name = Debug;
		};
		0B1F159718BDC5EF00079AFF /* Release */ = {
			isa = XCBuildConfiguration;
			buildSettings = {
				ARCHS = "$(ARCHS_STANDARD_32_BIT)";
				ASSETCATALOG_COMPILER_APPICON_NAME = AppIcon;
				ASSETCATALOG_COMPILER_LAUNCHIMAGE_NAME = LaunchImage;
				GCC_PRECOMPILE_PREFIX_HEADER = YES;
				GCC_PREFIX_HEADER = "MKNetworkKitDemo/MKNetworkKitDemo-Prefix.pch";
				INFOPLIST_FILE = "MKNetworkKitDemo/MKNetworkKitDemo-Info.plist";
				IPHONEOS_DEPLOYMENT_TARGET = 5.0;
				PRODUCT_NAME = "$(TARGET_NAME)";
				WRAPPER_EXTENSION = app;
			};
			name = Release;
		};
		0B1F159918BDC5EF00079AFF /* Debug */ = {
			isa = XCBuildConfiguration;
			buildSettings = {
				ARCHS = "$(ARCHS_STANDARD_INCLUDING_64_BIT)";
				BUNDLE_LOADER = "$(BUILT_PRODUCTS_DIR)/MKNetworkKitDemo.app/MKNetworkKitDemo";
				FRAMEWORK_SEARCH_PATHS = (
					"$(SDKROOT)/Developer/Library/Frameworks",
					"$(inherited)",
					"$(DEVELOPER_FRAMEWORKS_DIR)",
				);
				GCC_PRECOMPILE_PREFIX_HEADER = YES;
				GCC_PREFIX_HEADER = "MKNetworkKitDemo/MKNetworkKitDemo-Prefix.pch";
				GCC_PREPROCESSOR_DEFINITIONS = (
					"DEBUG=1",
					"$(inherited)",
				);
				INFOPLIST_FILE = "MKNetworkKitDemoTests/MKNetworkKitDemoTests-Info.plist";
				PRODUCT_NAME = "$(TARGET_NAME)";
				TEST_HOST = "$(BUNDLE_LOADER)";
				WRAPPER_EXTENSION = xctest;
			};
			name = Debug;
		};
		0B1F159A18BDC5EF00079AFF /* Release */ = {
			isa = XCBuildConfiguration;
			buildSettings = {
				ARCHS = "$(ARCHS_STANDARD_INCLUDING_64_BIT)";
				BUNDLE_LOADER = "$(BUILT_PRODUCTS_DIR)/MKNetworkKitDemo.app/MKNetworkKitDemo";
				FRAMEWORK_SEARCH_PATHS = (
					"$(SDKROOT)/Developer/Library/Frameworks",
					"$(inherited)",
					"$(DEVELOPER_FRAMEWORKS_DIR)",
				);
				GCC_PRECOMPILE_PREFIX_HEADER = YES;
				GCC_PREFIX_HEADER = "MKNetworkKitDemo/MKNetworkKitDemo-Prefix.pch";
				INFOPLIST_FILE = "MKNetworkKitDemoTests/MKNetworkKitDemoTests-Info.plist";
				PRODUCT_NAME = "$(TARGET_NAME)";
				TEST_HOST = "$(BUNDLE_LOADER)";
				WRAPPER_EXTENSION = xctest;
			};
			name = Release;
		};
/* End XCBuildConfiguration section */

/* Begin XCConfigurationList section */
		0B1F156418BDC5EF00079AFF /* Build configuration list for PBXProject "MKNetworkKitDemo" */ = {
			isa = XCConfigurationList;
			buildConfigurations = (
				0B1F159318BDC5EF00079AFF /* Debug */,
				0B1F159418BDC5EF00079AFF /* Release */,
			);
			defaultConfigurationIsVisible = 0;
			defaultConfigurationName = Release;
		};
		0B1F159518BDC5EF00079AFF /* Build configuration list for PBXNativeTarget "MKNetworkKitDemo" */ = {
			isa = XCConfigurationList;
			buildConfigurations = (
				0B1F159618BDC5EF00079AFF /* Debug */,
				0B1F159718BDC5EF00079AFF /* Release */,
			);
			defaultConfigurationIsVisible = 0;
			defaultConfigurationName = Release;
		};
		0B1F159818BDC5EF00079AFF /* Build configuration list for PBXNativeTarget "MKNetworkKitDemoTests" */ = {
			isa = XCConfigurationList;
			buildConfigurations = (
				0B1F159918BDC5EF00079AFF /* Debug */,
				0B1F159A18BDC5EF00079AFF /* Release */,
			);
			defaultConfigurationIsVisible = 0;
			defaultConfigurationName = Release;
		};
/* End XCConfigurationList section */
	};
	rootObject = 0B1F156118BDC5EF00079AFF /* Project object */;
}
